
Microsoft Visual Studio Solution File, Format Version 12.00
# Visual Studio Version 16
VisualStudioVersion = 16.0.29709.97
MinimumVisualStudioVersion = 10.0.40219.1
Project("{FAE04EC0-301F-11D3-BF4B-00C04F79EFBC}") = "URAN-2017", "URAN-2017\URAN-2017.csproj", "{C21600F7-8020-401A-8EF5-2B25D6CD985C}"
EndProject
Project("{FAE04EC0-301F-11D3-BF4B-00C04F79EFBC}") = "NeutronObrabotka", "..\NeutronObrabotka\NeutronObrabotka\NeutronObrabotka.csproj", "{563B92B3-734A-4F59-90D3-610554A26891}"
EndProject
Global
	GlobalSection(SolutionConfigurationPlatforms) = preSolution
		Debug|Any CPU = Debug|Any CPU
		Debug|ARM = Debug|ARM
		Debug|ARM64 = Debug|ARM64
		Debug|x64 = Debug|x64
		Debug|x86 = Debug|x86
		my|Any CPU = my|Any CPU
		my|ARM = my|ARM
		my|ARM64 = my|ARM64
		my|x64 = my|x64
		my|x86 = my|x86
		Release|Any CPU = Release|Any CPU
		Release|ARM = Release|ARM
		Release|ARM64 = Release|ARM64
		Release|x64 = Release|x64
		Release|x86 = Release|x86
	EndGlobalSection
	GlobalSection(ProjectConfigurationPlatforms) = postSolution
		{C21600F7-8020-401A-8EF5-2B25D6CD985C}.Debug|Any CPU.ActiveCfg = Debug|Any CPU
		{C21600F7-8020-401A-8EF5-2B25D6CD985C}.Debug|Any CPU.Build.0 = Debug|Any CPU
		{C21600F7-8020-401A-8EF5-2B25D6CD985C}.Debug|ARM.ActiveCfg = Debug|Any CPU
		{C21600F7-8020-401A-8EF5-2B25D6CD985C}.Debug|ARM.Build.0 = Debug|Any CPU
		{C21600F7-8020-401A-8EF5-2B25D6CD985C}.Debug|ARM64.ActiveCfg = Debug|Any CPU
		{C21600F7-8020-401A-8EF5-2B25D6CD985C}.Debug|ARM64.Build.0 = Debug|Any CPU
		{C21600F7-8020-401A-8EF5-2B25D6CD985C}.Debug|x64.ActiveCfg = Debug|x64
		{C21600F7-8020-401A-8EF5-2B25D6CD985C}.Debug|x64.Build.0 = Debug|x64
		{C21600F7-8020-401A-8EF5-2B25D6CD985C}.Debug|x86.ActiveCfg = Debug|x86
		{C21600F7-8020-401A-8EF5-2B25D6CD985C}.Debug|x86.Build.0 = Debug|x86
		{C21600F7-8020-401A-8EF5-2B25D6CD985C}.my|Any CPU.ActiveCfg = my|Any CPU
		{C21600F7-8020-401A-8EF5-2B25D6CD985C}.my|Any CPU.Build.0 = my|Any CPU
		{C21600F7-8020-401A-8EF5-2B25D6CD985C}.my|ARM.ActiveCfg = my|Any CPU
		{C21600F7-8020-401A-8EF5-2B25D6CD985C}.my|ARM.Build.0 = my|Any CPU
		{C21600F7-8020-401A-8EF5-2B25D6CD985C}.my|ARM64.ActiveCfg = my|Any CPU
		{C21600F7-8020-401A-8EF5-2B25D6CD985C}.my|ARM64.Build.0 = my|Any CPU
		{C21600F7-8020-401A-8EF5-2B25D6CD985C}.my|x64.ActiveCfg = my|x64
		{C21600F7-8020-401A-8EF5-2B25D6CD985C}.my|x64.Build.0 = my|x64
		{C21600F7-8020-401A-8EF5-2B25D6CD985C}.my|x86.ActiveCfg = my|x86
		{C21600F7-8020-401A-8EF5-2B25D6CD985C}.my|x86.Build.0 = my|x86
		{C21600F7-8020-401A-8EF5-2B25D6CD985C}.Release|Any CPU.ActiveCfg = Debug|Any CPU
		{C21600F7-8020-401A-8EF5-2B25D6CD985C}.Release|Any CPU.Build.0 = Debug|Any CPU
		{C21600F7-8020-401A-8EF5-2B25D6CD985C}.Release|ARM.ActiveCfg = Release|Any CPU
		{C21600F7-8020-401A-8EF5-2B25D6CD985C}.Release|ARM.Build.0 = Release|Any CPU
		{C21600F7-8020-401A-8EF5-2B25D6CD985C}.Release|ARM64.ActiveCfg = Release|Any CPU
		{C21600F7-8020-401A-8EF5-2B25D6CD985C}.Release|ARM64.Build.0 = Release|Any CPU
		{C21600F7-8020-401A-8EF5-2B25D6CD985C}.Release|x64.ActiveCfg = Release|x64
		{C21600F7-8020-401A-8EF5-2B25D6CD985C}.Release|x64.Build.0 = Release|x64
		{C21600F7-8020-401A-8EF5-2B25D6CD985C}.Release|x86.ActiveCfg = Release|x86
		{C21600F7-8020-401A-8EF5-2B25D6CD985C}.Release|x86.Build.0 = Release|x86
		{563B92B3-734A-4F59-90D3-610554A26891}.Debug|Any CPU.ActiveCfg = Debug|Any CPU
		{563B92B3-734A-4F59-90D3-610554A26891}.Debug|Any CPU.Build.0 = Debug|Any CPU
		{563B92B3-734A-4F59-90D3-610554A26891}.Debug|ARM.ActiveCfg = Debug|Any CPU
		{563B92B3-734A-4F59-90D3-610554A26891}.Debug|ARM.Build.0 = Debug|Any CPU
		{563B92B3-734A-4F59-90D3-610554A26891}.Debug|ARM64.ActiveCfg = Debug|Any CPU
		{563B92B3-734A-4F59-90D3-610554A26891}.Debug|ARM64.Build.0 = Debug|Any CPU
		{563B92B3-734A-4F59-90D3-610554A26891}.Debug|x64.ActiveCfg = Debug|Any CPU
		{563B92B3-734A-4F59-90D3-610554A26891}.Debug|x64.Build.0 = Debug|Any CPU
		{563B92B3-734A-4F59-90D3-610554A26891}.Debug|x86.ActiveCfg = Debug|Any CPU
		{563B92B3-734A-4F59-90D3-610554A26891}.Debug|x86.Build.0 = Debug|Any CPU
		{563B92B3-734A-4F59-90D3-610554A26891}.my|Any CPU.ActiveCfg = Release|Any CPU
		{563B92B3-734A-4F59-90D3-610554A26891}.my|Any CPU.Build.0 = Release|Any CPU
		{563B92B3-734A-4F59-90D3-610554A26891}.my|ARM.ActiveCfg = Release|Any CPU
		{563B92B3-734A-4F59-90D3-610554A26891}.my|ARM.Build.0 = Release|Any CPU
		{563B92B3-734A-4F59-90D3-610554A26891}.my|ARM64.ActiveCfg = Release|Any CPU
		{563B92B3-734A-4F59-90D3-610554A26891}.my|ARM64.Build.0 = Release|Any CPU
		{563B92B3-734A-4F59-90D3-610554A26891}.my|x64.ActiveCfg = Release|Any CPU
		{563B92B3-734A-4F59-90D3-610554A26891}.my|x64.Build.0 = Release|Any CPU
		{563B92B3-734A-4F59-90D3-610554A26891}.my|x86.ActiveCfg = Release|Any CPU
		{563B92B3-734A-4F59-90D3-610554A26891}.my|x86.Build.0 = Release|Any CPU
		{563B92B3-734A-4F59-90D3-610554A26891}.Release|Any CPU.ActiveCfg = Release|Any CPU
		{563B92B3-734A-4F59-90D3-610554A26891}.Release|Any CPU.Build.0 = Release|Any CPU
		{563B92B3-734A-4F59-90D3-610554A26891}.Release|ARM.ActiveCfg = Release|Any CPU
		{563B92B3-734A-4F59-90D3-610554A26891}.Release|ARM.Build.0 = Release|Any CPU
		{563B92B3-734A-4F59-90D3-610554A26891}.Release|ARM64.ActiveCfg = Release|Any CPU
		{563B92B3-734A-4F59-90D3-610554A26891}.Release|ARM64.Build.0 = Release|Any CPU
		{563B92B3-734A-4F59-90D3-610554A26891}.Release|x64.ActiveCfg = Release|Any CPU
		{563B92B3-734A-4F59-90D3-610554A26891}.Release|x64.Build.0 = Release|Any CPU
		{563B92B3-734A-4F59-90D3-610554A26891}.Release|x86.ActiveCfg = Release|Any CPU
		{563B92B3-734A-4F59-90D3-610554A26891}.Release|x86.Build.0 = Release|Any CPU
	EndGlobalSection
	GlobalSection(SolutionProperties) = preSolution
		HideSolutionNode = FALSE
	EndGlobalSection
	GlobalSection(ExtensibilityGlobals) = postSolution
		SolutionGuid = {E067353A-985A-4E27-99BD-9AC2B3E14E33}
	EndGlobalSection
EndGlobal
